
Microsoft Visual Studio Solution File, Format Version 12.00
# Visual Studio 14
VisualStudioVersion = 14.0.25420.1
MinimumVisualStudioVersion = 10.0.40219.1
Project("{FAE04EC0-301F-11D3-BF4B-00C04F79EFBC}") = "TestMVCDay1", "TestMVCDay1\TestMVCDay1.csproj", "{C8194A5D-67AA-4FDC-ABB0-00FAF24ECDA2}"
EndProject
Project("{FAE04EC0-301F-11D3-BF4B-00C04F79EFBC}") = "EFReady1", "EFReady1\EFReady1.csproj", "{6B7FA00A-872B-40E5-BBC2-21D610144BF3}"
EndProject
Project("{FAE04EC0-301F-11D3-BF4B-00C04F79EFBC}") = "EFEntities", "EFEntities\EFEntities.csproj", "{6FE18332-B3A5-491D-B8D0-DB1859BC6D2D}"
EndProject
Project("{FAE04EC0-301F-11D3-BF4B-00C04F79EFBC}") = "MVCEF", "MVCEF\MVCEF.csproj", "{57335505-FE7B-4A6E-B63A-6ABBEC733B8C}"
EndProject
Global
	GlobalSection(SolutionConfigurationPlatforms) = preSolution
		Debug|Any CPU = Debug|Any CPU
		Release|Any CPU = Release|Any CPU
	EndGlobalSection
	GlobalSection(ProjectConfigurationPlatforms) = postSolution
		{C8194A5D-67AA-4FDC-ABB0-00FAF24ECDA2}.Debug|Any CPU.ActiveCfg = Debug|Any CPU
		{C8194A5D-67AA-4FDC-ABB0-00FAF24ECDA2}.Debug|Any CPU.Build.0 = Debug|Any CPU
		{C8194A5D-67AA-4FDC-ABB0-00FAF24ECDA2}.Release|Any CPU.ActiveCfg = Release|Any CPU
		{C8194A5D-67AA-4FDC-ABB0-00FAF24ECDA2}.Release|Any CPU.Build.0 = Release|Any CPU
		{6B7FA00A-872B-40E5-BBC2-21D610144BF3}.Debug|Any CPU.ActiveCfg = Debug|Any CPU
		{6B7FA00A-872B-40E5-BBC2-21D610144BF3}.Debug|Any CPU.Build.0 = Debug|Any CPU
		{6B7FA00A-872B-40E5-BBC2-21D610144BF3}.Release|Any CPU.ActiveCfg = Release|Any CPU
		{6B7FA00A-872B-40E5-BBC2-21D610144BF3}.Release|Any CPU.Build.0 = Release|Any CPU
		{6FE18332-B3A5-491D-B8D0-DB1859BC6D2D}.Debug|Any CPU.ActiveCfg = Debug|Any CPU
		{6FE18332-B3A5-491D-B8D0-DB1859BC6D2D}.Debug|Any CPU.Build.0 = Debug|Any CPU
		{6FE18332-B3A5-491D-B8D0-DB1859BC6D2D}.Release|Any CPU.ActiveCfg = Release|Any CPU
		{6FE18332-B3A5-491D-B8D0-DB1859BC6D2D}.Release|Any CPU.Build.0 = Release|Any CPU
		{57335505-FE7B-4A6E-B63A-6ABBEC733B8C}.Debug|Any CPU.ActiveCfg = Debug|Any CPU
		{57335505-FE7B-4A6E-B63A-6ABBEC733B8C}.Debug|Any CPU.Build.0 = Debug|Any CPU
		{57335505-FE7B-4A6E-B63A-6ABBEC733B8C}.Release|Any CPU.ActiveCfg = Release|Any CPU
		{57335505-FE7B-4A6E-B63A-6ABBEC733B8C}.Release|Any CPU.Build.0 = Release|Any CPU
	EndGlobalSection
	GlobalSection(SolutionProperties) = preSolution
		HideSolutionNode = FALSE
	EndGlobalSection
EndGlobal
