
Microsoft Visual Studio Solution File, Format Version 12.00
# Visual Studio 14
VisualStudioVersion = 14.0.25420.1
MinimumVisualStudioVersion = 10.0.40219.1
Project("{FAE04EC0-301F-11D3-BF4B-00C04F79EFBC}") = "pentest", "pentest\pentest.csproj", "{61113A7C-A3C1-4B84-9BE8-CC2E1598152B}"
EndProject
Project("{FAE04EC0-301F-11D3-BF4B-00C04F79EFBC}") = "deep-low-copy", "deep-low-copy\deep-low-copy.csproj", "{D32F4B9B-6C3E-41CB-886C-C46FA552B911}"
EndProject
Project("{FAE04EC0-301F-11D3-BF4B-00C04F79EFBC}") = "结构体", "结构体\结构体.csproj", "{D5AFB6DC-71F1-444B-AB87-48832C58423D}"
EndProject
Project("{FAE04EC0-301F-11D3-BF4B-00C04F79EFBC}") = "拆箱装箱", "拆箱装箱\拆箱装箱.csproj", "{768065EA-C3CE-4E65-AB07-7BD39FEDF78B}"
EndProject
Project("{FAE04EC0-301F-11D3-BF4B-00C04F79EFBC}") = "相等", "相等\相等.csproj", "{70D069AC-39F6-45F9-8765-2795361C0527}"
EndProject
Project("{FAE04EC0-301F-11D3-BF4B-00C04F79EFBC}") = "Refout", "Refout\Refout.csproj", "{E02245EB-7259-4DFF-8C24-951F1E8D0CE8}"
EndProject
Project("{FAE04EC0-301F-11D3-BF4B-00C04F79EFBC}") = "委托1", "委托1\委托1.csproj", "{4743672E-F2F2-4B7C-90E8-BD75A2E436EB}"
EndProject
Project("{FAE04EC0-301F-11D3-BF4B-00C04F79EFBC}") = "内置委托类型", "内置委托类型\内置委托类型.csproj", "{942F4F8B-869D-4928-A8F1-2E882BB9BAD8}"
EndProject
Project("{FAE04EC0-301F-11D3-BF4B-00C04F79EFBC}") = "匿名方法", "匿名方法\匿名方法.csproj", "{6B613C7F-D62C-489B-A069-EFCCD6B65EC4}"
EndProject
Project("{FAE04EC0-301F-11D3-BF4B-00C04F79EFBC}") = "lamada表达式1", "lamada表达式1\lamada表达式1.csproj", "{F7F0141C-42AE-45D5-ABC9-09F13D92612C}"
EndProject
Project("{FAE04EC0-301F-11D3-BF4B-00C04F79EFBC}") = "事件入门", "事件入门\事件入门.csproj", "{A22EC806-2C69-4862-9679-E09078B5E451}"
EndProject
Project("{FAE04EC0-301F-11D3-BF4B-00C04F79EFBC}") = "反射入门", "反射入门\反射入门.csproj", "{2071878D-7558-4EED-B846-0847F8ADC161}"
EndProject
Project("{FAE04EC0-301F-11D3-BF4B-00C04F79EFBC}") = "反射2", "反射2\反射2.csproj", "{583366A9-0105-443A-A732-113AD7734829}"
EndProject
Global
	GlobalSection(SolutionConfigurationPlatforms) = preSolution
		Debug|Any CPU = Debug|Any CPU
		Release|Any CPU = Release|Any CPU
	EndGlobalSection
	GlobalSection(ProjectConfigurationPlatforms) = postSolution
		{61113A7C-A3C1-4B84-9BE8-CC2E1598152B}.Debug|Any CPU.ActiveCfg = Debug|Any CPU
		{61113A7C-A3C1-4B84-9BE8-CC2E1598152B}.Debug|Any CPU.Build.0 = Debug|Any CPU
		{61113A7C-A3C1-4B84-9BE8-CC2E1598152B}.Release|Any CPU.ActiveCfg = Release|Any CPU
		{61113A7C-A3C1-4B84-9BE8-CC2E1598152B}.Release|Any CPU.Build.0 = Release|Any CPU
		{D32F4B9B-6C3E-41CB-886C-C46FA552B911}.Debug|Any CPU.ActiveCfg = Debug|Any CPU
		{D32F4B9B-6C3E-41CB-886C-C46FA552B911}.Debug|Any CPU.Build.0 = Debug|Any CPU
		{D32F4B9B-6C3E-41CB-886C-C46FA552B911}.Release|Any CPU.ActiveCfg = Release|Any CPU
		{D32F4B9B-6C3E-41CB-886C-C46FA552B911}.Release|Any CPU.Build.0 = Release|Any CPU
		{D5AFB6DC-71F1-444B-AB87-48832C58423D}.Debug|Any CPU.ActiveCfg = Debug|Any CPU
		{D5AFB6DC-71F1-444B-AB87-48832C58423D}.Debug|Any CPU.Build.0 = Debug|Any CPU
		{D5AFB6DC-71F1-444B-AB87-48832C58423D}.Release|Any CPU.ActiveCfg = Release|Any CPU
		{D5AFB6DC-71F1-444B-AB87-48832C58423D}.Release|Any CPU.Build.0 = Release|Any CPU
		{768065EA-C3CE-4E65-AB07-7BD39FEDF78B}.Debug|Any CPU.ActiveCfg = Debug|Any CPU
		{768065EA-C3CE-4E65-AB07-7BD39FEDF78B}.Debug|Any CPU.Build.0 = Debug|Any CPU
		{768065EA-C3CE-4E65-AB07-7BD39FEDF78B}.Release|Any CPU.ActiveCfg = Release|Any CPU
		{768065EA-C3CE-4E65-AB07-7BD39FEDF78B}.Release|Any CPU.Build.0 = Release|Any CPU
		{70D069AC-39F6-45F9-8765-2795361C0527}.Debug|Any CPU.ActiveCfg = Debug|Any CPU
		{70D069AC-39F6-45F9-8765-2795361C0527}.Debug|Any CPU.Build.0 = Debug|Any CPU
		{70D069AC-39F6-45F9-8765-2795361C0527}.Release|Any CPU.ActiveCfg = Release|Any CPU
		{70D069AC-39F6-45F9-8765-2795361C0527}.Release|Any CPU.Build.0 = Release|Any CPU
		{E02245EB-7259-4DFF-8C24-951F1E8D0CE8}.Debug|Any CPU.ActiveCfg = Debug|Any CPU
		{E02245EB-7259-4DFF-8C24-951F1E8D0CE8}.Debug|Any CPU.Build.0 = Debug|Any CPU
		{E02245EB-7259-4DFF-8C24-951F1E8D0CE8}.Release|Any CPU.ActiveCfg = Release|Any CPU
		{E02245EB-7259-4DFF-8C24-951F1E8D0CE8}.Release|Any CPU.Build.0 = Release|Any CPU
		{4743672E-F2F2-4B7C-90E8-BD75A2E436EB}.Debug|Any CPU.ActiveCfg = Debug|Any CPU
		{4743672E-F2F2-4B7C-90E8-BD75A2E436EB}.Debug|Any CPU.Build.0 = Debug|Any CPU
		{4743672E-F2F2-4B7C-90E8-BD75A2E436EB}.Release|Any CPU.ActiveCfg = Release|Any CPU
		{4743672E-F2F2-4B7C-90E8-BD75A2E436EB}.Release|Any CPU.Build.0 = Release|Any CPU
		{942F4F8B-869D-4928-A8F1-2E882BB9BAD8}.Debug|Any CPU.ActiveCfg = Debug|Any CPU
		{942F4F8B-869D-4928-A8F1-2E882BB9BAD8}.Debug|Any CPU.Build.0 = Debug|Any CPU
		{942F4F8B-869D-4928-A8F1-2E882BB9BAD8}.Release|Any CPU.ActiveCfg = Release|Any CPU
		{942F4F8B-869D-4928-A8F1-2E882BB9BAD8}.Release|Any CPU.Build.0 = Release|Any CPU
		{6B613C7F-D62C-489B-A069-EFCCD6B65EC4}.Debug|Any CPU.ActiveCfg = Debug|Any CPU
		{6B613C7F-D62C-489B-A069-EFCCD6B65EC4}.Debug|Any CPU.Build.0 = Debug|Any CPU
		{6B613C7F-D62C-489B-A069-EFCCD6B65EC4}.Release|Any CPU.ActiveCfg = Release|Any CPU
		{6B613C7F-D62C-489B-A069-EFCCD6B65EC4}.Release|Any CPU.Build.0 = Release|Any CPU
		{F7F0141C-42AE-45D5-ABC9-09F13D92612C}.Debug|Any CPU.ActiveCfg = Debug|Any CPU
		{F7F0141C-42AE-45D5-ABC9-09F13D92612C}.Debug|Any CPU.Build.0 = Debug|Any CPU
		{F7F0141C-42AE-45D5-ABC9-09F13D92612C}.Release|Any CPU.ActiveCfg = Release|Any CPU
		{F7F0141C-42AE-45D5-ABC9-09F13D92612C}.Release|Any CPU.Build.0 = Release|Any CPU
		{A22EC806-2C69-4862-9679-E09078B5E451}.Debug|Any CPU.ActiveCfg = Debug|Any CPU
		{A22EC806-2C69-4862-9679-E09078B5E451}.Debug|Any CPU.Build.0 = Debug|Any CPU
		{A22EC806-2C69-4862-9679-E09078B5E451}.Release|Any CPU.ActiveCfg = Release|Any CPU
		{A22EC806-2C69-4862-9679-E09078B5E451}.Release|Any CPU.Build.0 = Release|Any CPU
		{2071878D-7558-4EED-B846-0847F8ADC161}.Debug|Any CPU.ActiveCfg = Debug|Any CPU
		{2071878D-7558-4EED-B846-0847F8ADC161}.Debug|Any CPU.Build.0 = Debug|Any CPU
		{2071878D-7558-4EED-B846-0847F8ADC161}.Release|Any CPU.ActiveCfg = Release|Any CPU
		{2071878D-7558-4EED-B846-0847F8ADC161}.Release|Any CPU.Build.0 = Release|Any CPU
		{583366A9-0105-443A-A732-113AD7734829}.Debug|Any CPU.ActiveCfg = Debug|Any CPU
		{583366A9-0105-443A-A732-113AD7734829}.Debug|Any CPU.Build.0 = Debug|Any CPU
		{583366A9-0105-443A-A732-113AD7734829}.Release|Any CPU.ActiveCfg = Release|Any CPU
		{583366A9-0105-443A-A732-113AD7734829}.Release|Any CPU.Build.0 = Release|Any CPU
	EndGlobalSection
	GlobalSection(SolutionProperties) = preSolution
		HideSolutionNode = FALSE
	EndGlobalSection
EndGlobal
